
Microsoft Visual Studio Solution File, Format Version 12.00
# Visual Studio 15
VisualStudioVersion = 15.0.27130.2020
MinimumVisualStudioVersion = 10.0.40219.1
Project("{F2A71F9B-5D33-465A-A702-920D77279786}") = "TryFSharpLib", "TryFSharpLib\TryFSharpLib.fsproj", "{12E73217-DC4E-43C7-83B3-00ED88D3298D}"
EndProject
Global
	GlobalSection(SolutionConfigurationPlatforms) = preSolution
		Debug|Any CPU = Debug|Any CPU
		Release|Any CPU = Release|Any CPU
	EndGlobalSection
	GlobalSection(ProjectConfigurationPlatforms) = postSolution
		{12E73217-DC4E-43C7-83B3-00ED88D3298D}.Debug|Any CPU.ActiveCfg = Debug|Any CPU
		{12E73217-DC4E-43C7-83B3-00ED88D3298D}.Debug|Any CPU.Build.0 = Debug|Any CPU
		{12E73217-DC4E-43C7-83B3-00ED88D3298D}.Release|Any CPU.ActiveCfg = Release|Any CPU
		{12E73217-DC4E-43C7-83B3-00ED88D3298D}.Release|Any CPU.Build.0 = Release|Any CPU
	EndGlobalSection
	GlobalSection(SolutionProperties) = preSolution
		HideSolutionNode = FALSE
	EndGlobalSection
	GlobalSection(ExtensibilityGlobals) = postSolution
		SolutionGuid = {793CB3F6-C1EE-421D-9F58-77DEA00E3F98}
	EndGlobalSection
EndGlobal
